{
  "name": "ajhughes.dev",
  "lockfileVersion": 2,
  "requires": true,
  "packages": {
    "": {
      "dependencies": {
        "chrome-devtools": "^0.0.0"
      }
    },
    "node_modules/chrome-devtools": {
      "version": "0.0.0",
      "resolved": "https://registry.npmjs.org/chrome-devtools/-/chrome-devtools-0.0.0.tgz",
      "integrity": "sha1-m+gTyFPjFb4o8kY8M1JDnbN9vf8="
    }
  },
  "dependencies": {
    "chrome-devtools": {
      "version": "0.0.0",
      "resolved": "https://registry.npmjs.org/chrome-devtools/-/chrome-devtools-0.0.0.tgz",
      "integrity": "sha1-m+gTyFPjFb4o8kY8M1JDnbN9vf8="
    }
  }
}
